{
  "name": "trealla",
  "version": "0.9.4",
  "lockfileVersion": 2,
  "requires": true,
  "packages": {
    "": {
      "name": "trealla",
      "version": "0.9.4",
      "license": "MIT",
      "dependencies": {
        "@wasmer/wasi": "^1.1.2"
      },
      "devDependencies": {
        "esbuild": "^0.15.10"
      }
    },
    "node_modules/@wasmer/wasi": {
      "version": "1.1.2",
      "resolved": "https://registry.npmjs.org/@wasmer/wasi/-/wasi-1.1.2.tgz",
      "integrity": "sha512-c1h7L2qPviV6n+ny2fYboFPFL4RbvCqYckDPfpWMUOqX+QIt83EnMnYfeWNwWbUAIku087qj3cBJzcqY+HbHxw=="
    },
    "node_modules/esbuild": {
      "version": "0.15.10",
      "resolved": "https://registry.npmjs.org/esbuild/-/esbuild-0.15.10.tgz",
      "integrity": "sha512-N7wBhfJ/E5fzn/SpNgX+oW2RLRjwaL8Y0ezqNqhjD6w0H2p0rDuEz2FKZqpqLnO8DCaWumKe8dsC/ljvVSSxng==",
      "hasInstallScript": true,
      "bin": {
        "esbuild": "bin/esbuild"
      },
      "engines": {
        "node": ">=12"
      },
      "optionalDependencies": {
        "@esbuild/android-arm": "0.15.10",
        "@esbuild/linux-loong64": "0.15.10",
        "esbuild-android-64": "0.15.10",
        "esbuild-android-arm64": "0.15.10",
        "esbuild-darwin-64": "0.15.10",
        "esbuild-darwin-arm64": "0.15.10",
        "esbuild-freebsd-64": "0.15.10",
        "esbuild-freebsd-arm64": "0.15.10",
        "esbuild-linux-32": "0.15.10",
        "esbuild-linux-64": "0.15.10",
        "esbuild-linux-arm": "0.15.10",
        "esbuild-linux-arm64": "0.15.10",
        "esbuild-linux-mips64le": "0.15.10",
        "esbuild-linux-ppc64le": "0.15.10",
        "esbuild-linux-riscv64": "0.15.10",
        "esbuild-linux-s390x": "0.15.10",
        "esbuild-netbsd-64": "0.15.10",
        "esbuild-openbsd-64": "0.15.10",
        "esbuild-sunos-64": "0.15.10",
        "esbuild-windows-32": "0.15.10",
        "esbuild-windows-64": "0.15.10",
        "esbuild-windows-arm64": "0.15.10"
      }
    },
    "node_modules/esbuild-linux-64": {
      "version": "0.15.10",
      "resolved": "https://registry.npmjs.org/esbuild-linux-64/-/esbuild-linux-64-0.15.10.tgz",
      "integrity": "sha512-jd8XfaSJeucMpD63YNMO1JCrdJhckHWcMv6O233bL4l6ogQKQOxBYSRP/XLWP+6kVTu0obXovuckJDcA0DKtQA==",
      "cpu": [
        "x64"
      ],
      "optional": true,
      "os": [
        "linux"
      ],
      "engines": {
        "node": ">=12"
      }
    }
  },
  "dependencies": {
    "@wasmer/wasi": {
      "version": "1.1.2",
      "resolved": "https://registry.npmjs.org/@wasmer/wasi/-/wasi-1.1.2.tgz",
      "integrity": "sha512-c1h7L2qPviV6n+ny2fYboFPFL4RbvCqYckDPfpWMUOqX+QIt83EnMnYfeWNwWbUAIku087qj3cBJzcqY+HbHxw=="
    },
    "esbuild": {
      "version": "0.15.10",
      "resolved": "https://registry.npmjs.org/esbuild/-/esbuild-0.15.10.tgz",
      "integrity": "sha512-N7wBhfJ/E5fzn/SpNgX+oW2RLRjwaL8Y0ezqNqhjD6w0H2p0rDuEz2FKZqpqLnO8DCaWumKe8dsC/ljvVSSxng==",
      "requires": {
        "@esbuild/android-arm": "0.15.10",
        "@esbuild/linux-loong64": "0.15.10",
        "esbuild-android-64": "0.15.10",
        "esbuild-android-arm64": "0.15.10",
        "esbuild-darwin-64": "0.15.10",
        "esbuild-darwin-arm64": "0.15.10",
        "esbuild-freebsd-64": "0.15.10",
        "esbuild-freebsd-arm64": "0.15.10",
        "esbuild-linux-32": "0.15.10",
        "esbuild-linux-64": "0.15.10",
        "esbuild-linux-arm": "0.15.10",
        "esbuild-linux-arm64": "0.15.10",
        "esbuild-linux-mips64le": "0.15.10",
        "esbuild-linux-ppc64le": "0.15.10",
        "esbuild-linux-riscv64": "0.15.10",
        "esbuild-linux-s390x": "0.15.10",
        "esbuild-netbsd-64": "0.15.10",
        "esbuild-openbsd-64": "0.15.10",
        "esbuild-sunos-64": "0.15.10",
        "esbuild-windows-32": "0.15.10",
        "esbuild-windows-64": "0.15.10",
        "esbuild-windows-arm64": "0.15.10"
      }
    },
    "esbuild-linux-64": {
      "version": "0.15.10",
      "resolved": "https://registry.npmjs.org/esbuild-linux-64/-/esbuild-linux-64-0.15.10.tgz",
      "integrity": "sha512-jd8XfaSJeucMpD63YNMO1JCrdJhckHWcMv6O233bL4l6ogQKQOxBYSRP/XLWP+6kVTu0obXovuckJDcA0DKtQA==",
      "optional": true
    }
  }
}
