{
  "name": "trealla",
  "version": "0.0.1",
  "lockfileVersion": 2,
  "requires": true,
  "packages": {
    "": {
      "name": "trealla",
      "version": "0.0.1",
      "license": "MIT",
      "dependencies": {
        "@wasmer/wasi": "^1.1.2"
      }
    },
    "node_modules/@wasmer/wasi": {
      "version": "1.1.2",
      "resolved": "https://registry.npmjs.org/@wasmer/wasi/-/wasi-1.1.2.tgz",
      "integrity": "sha512-c1h7L2qPviV6n+ny2fYboFPFL4RbvCqYckDPfpWMUOqX+QIt83EnMnYfeWNwWbUAIku087qj3cBJzcqY+HbHxw=="
    }
  },
  "dependencies": {
    "@wasmer/wasi": {
      "version": "1.1.2",
      "resolved": "https://registry.npmjs.org/@wasmer/wasi/-/wasi-1.1.2.tgz",
      "integrity": "sha512-c1h7L2qPviV6n+ny2fYboFPFL4RbvCqYckDPfpWMUOqX+QIt83EnMnYfeWNwWbUAIku087qj3cBJzcqY+HbHxw=="
    }
  }
}
